// !$*UTF8*$!
{
	archiveVersion = 1;
	classes = {
	};
	objectVersion = 55;
	objects = {

/* Begin PBXBuildFile section */
		246C62F028ED6E2A00343FE7 /* TestSWUIApp.swift in Sources */ = {isa = PBXBuildFile; fileRef = 246C62EF28ED6E2A00343FE7 /* TestSWUIApp.swift */; };
		246C62F228ED6E2A00343FE7 /* ContentView.swift in Sources */ = {isa = PBXBuildFile; fileRef = 246C62F128ED6E2A00343FE7 /* ContentView.swift */; };
		246C62F428ED6E2B00343FE7 /* Assets.xcassets in Resources */ = {isa = PBXBuildFile; fileRef = 246C62F328ED6E2B00343FE7 /* Assets.xcassets */; };
		246C62F728ED6E2B00343FE7 /* Preview Assets.xcassets in Resources */ = {isa = PBXBuildFile; fileRef = 246C62F628ED6E2B00343FE7 /* Preview Assets.xcassets */; };
		246C630128ED6E2B00343FE7 /* TestSWUITests.swift in Sources */ = {isa = PBXBuildFile; fileRef = 246C630028ED6E2B00343FE7 /* TestSWUITests.swift */; };
		246C630B28ED6E2B00343FE7 /* TestSWUIUITests.swift in Sources */ = {isa = PBXBuildFile; fileRef = 246C630A28ED6E2B00343FE7 /* TestSWUIUITests.swift */; };
		246C630D28ED6E2B00343FE7 /* TestSWUIUITestsLaunchTests.swift in Sources */ = {isa = PBXBuildFile; fileRef = 246C630C28ED6E2B00343FE7 /* TestSWUIUITestsLaunchTests.swift */; };
/* End PBXBuildFile section */

/* Begin PBXContainerItemProxy section */
		246C62FD28ED6E2B00343FE7 /* PBXContainerItemProxy */ = {
			isa = PBXContainerItemProxy;
			containerPortal = 246C62E428ED6E2A00343FE7 /* Project object */;
			proxyType = 1;
			remoteGlobalIDString = 246C62EB28ED6E2A00343FE7;
			remoteInfo = TestSWUI;
		};
		246C630728ED6E2B00343FE7 /* PBXContainerItemProxy */ = {
			isa = PBXContainerItemProxy;
			containerPortal = 246C62E428ED6E2A00343FE7 /* Project object */;
			proxyType = 1;
			remoteGlobalIDString = 246C62EB28ED6E2A00343FE7;
			remoteInfo = TestSWUI;
		};
/* End PBXContainerItemProxy section */

/* Begin PBXFileReference section */
		246C62EC28ED6E2A00343FE7 /* TestSWUI.app */ = {isa = PBXFileReference; explicitFileType = wrapper.application; includeInIndex = 0; path = TestSWUI.app; sourceTree = BUILT_PRODUCTS_DIR; };
		246C62EF28ED6E2A00343FE7 /* TestSWUIApp.swift */ = {isa = PBXFileReference; lastKnownFileType = sourcecode.swift; path = TestSWUIApp.swift; sourceTree = "<group>"; };
		246C62F128ED6E2A00343FE7 /* ContentView.swift */ = {isa = PBXFileReference; lastKnownFileType = sourcecode.swift; path = ContentView.swift; sourceTree = "<group>"; };
		246C62F328ED6E2B00343FE7 /* Assets.xcassets */ = {isa = PBXFileReference; lastKnownFileType = folder.assetcatalog; path = Assets.xcassets; sourceTree = "<group>"; };
		246C62F628ED6E2B00343FE7 /* Preview Assets.xcassets */ = {isa = PBXFileReference; lastKnownFileType = folder.assetcatalog; path = "Preview Assets.xcassets"; sourceTree = "<group>"; };
		246C62FC28ED6E2B00343FE7 /* TestSWUITests.xctest */ = {isa = PBXFileReference; explicitFileType = wrapper.cfbundle; includeInIndex = 0; path = TestSWUITests.xctest; sourceTree = BUILT_PRODUCTS_DIR; };
		246C630028ED6E2B00343FE7 /* TestSWUITests.swift */ = {isa = PBXFileReference; lastKnownFileType = sourcecode.swift; path = TestSWUITests.swift; sourceTree = "<group>"; };
		246C630628ED6E2B00343FE7 /* TestSWUIUITests.xctest */ = {isa = PBXFileReference; explicitFileType = wrapper.cfbundle; includeInIndex = 0; path = TestSWUIUITests.xctest; sourceTree = BUILT_PRODUCTS_DIR; };
		246C630A28ED6E2B00343FE7 /* TestSWUIUITests.swift */ = {isa = PBXFileReference; lastKnownFileType = sourcecode.swift; path = TestSWUIUITests.swift; sourceTree = "<group>"; };
		246C630C28ED6E2B00343FE7 /* TestSWUIUITestsLaunchTests.swift */ = {isa = PBXFileReference; lastKnownFileType = sourcecode.swift; path = TestSWUIUITestsLaunchTests.swift; sourceTree = "<group>"; };
/* End PBXFileReference section */

/* Begin PBXFrameworksBuildPhase section */
		246C62E928ED6E2A00343FE7 /* Frameworks */ = {
			isa = PBXFrameworksBuildPhase;
			buildActionMask = 2147483647;
			files = (
			);
			runOnlyForDeploymentPostprocessing = 0;
		};
		246C62F928ED6E2B00343FE7 /* Frameworks */ = {
			isa = PBXFrameworksBuildPhase;
			buildActionMask = 2147483647;
			files = (
			);
			runOnlyForDeploymentPostprocessing = 0;
		};
		246C630328ED6E2B00343FE7 /* Frameworks */ = {
			isa = PBXFrameworksBuildPhase;
			buildActionMask = 2147483647;
			files = (
			);
			runOnlyForDeploymentPostprocessing = 0;
		};
/* End PBXFrameworksBuildPhase section */

/* Begin PBXGroup section */
		246C62E328ED6E2A00343FE7 = {
			isa = PBXGroup;
			children = (
				246C62EE28ED6E2A00343FE7 /* TestSWUI */,
				246C62FF28ED6E2B00343FE7 /* TestSWUITests */,
				246C630928ED6E2B00343FE7 /* TestSWUIUITests */,
				246C62ED28ED6E2A00343FE7 /* Products */,
			);
			sourceTree = "<group>";
		};
		246C62ED28ED6E2A00343FE7 /* Products */ = {
			isa = PBXGroup;
			children = (
				246C62EC28ED6E2A00343FE7 /* TestSWUI.app */,
				246C62FC28ED6E2B00343FE7 /* TestSWUITests.xctest */,
				246C630628ED6E2B00343FE7 /* TestSWUIUITests.xctest */,
			);
			name = Products;
			sourceTree = "<group>";
		};
		246C62EE28ED6E2A00343FE7 /* TestSWUI */ = {
			isa = PBXGroup;
			children = (
				246C62EF28ED6E2A00343FE7 /* TestSWUIApp.swift */,
				246C62F128ED6E2A00343FE7 /* ContentView.swift */,
				246C62F328ED6E2B00343FE7 /* Assets.xcassets */,
				246C62F528ED6E2B00343FE7 /* Preview Content */,
			);
			path = TestSWUI;
			sourceTree = "<group>";
		};
		246C62F528ED6E2B00343FE7 /* Preview Content */ = {
			isa = PBXGroup;
			children = (
				246C62F628ED6E2B00343FE7 /* Preview Assets.xcassets */,
			);
			path = "Preview Content";
			sourceTree = "<group>";
		};
		246C62FF28ED6E2B00343FE7 /* TestSWUITests */ = {
			isa = PBXGroup;
			children = (
				246C630028ED6E2B00343FE7 /* TestSWUITests.swift */,
			);
			path = TestSWUITests;
			sourceTree = "<group>";
		};
		246C630928ED6E2B00343FE7 /* TestSWUIUITests */ = {
			isa = PBXGroup;
			children = (
				246C630A28ED6E2B00343FE7 /* TestSWUIUITests.swift */,
				246C630C28ED6E2B00343FE7 /* TestSWUIUITestsLaunchTests.swift */,
			);
			path = TestSWUIUITests;
			sourceTree = "<group>";
		};
/* End PBXGroup section */

/* Begin PBXNativeTarget section */
		246C62EB28ED6E2A00343FE7 /* TestSWUI */ = {
			isa = PBXNativeTarget;
			buildConfigurationList = 246C631028ED6E2B00343FE7 /* Build configuration list for PBXNativeTarget "TestSWUI" */;
			buildPhases = (
				246C62E828ED6E2A00343FE7 /* Sources */,
				246C62E928ED6E2A00343FE7 /* Frameworks */,
				246C62EA28ED6E2A00343FE7 /* Resources */,
			);
			buildRules = (
			);
			dependencies = (
			);
			name = TestSWUI;
			productName = TestSWUI;
			productReference = 246C62EC28ED6E2A00343FE7 /* TestSWUI.app */;
			productType = "com.apple.product-type.application";
		};
		246C62FB28ED6E2B00343FE7 /* TestSWUITests */ = {
			isa = PBXNativeTarget;
			buildConfigurationList = 246C631328ED6E2B00343FE7 /* Build configuration list for PBXNativeTarget "TestSWUITests" */;
			buildPhases = (
				246C62F828ED6E2B00343FE7 /* Sources */,
				246C62F928ED6E2B00343FE7 /* Frameworks */,
				246C62FA28ED6E2B00343FE7 /* Resources */,
			);
			buildRules = (
			);
			dependencies = (
				246C62FE28ED6E2B00343FE7 /* PBXTargetDependency */,
			);
			name = TestSWUITests;
			productName = TestSWUITests;
			productReference = 246C62FC28ED6E2B00343FE7 /* TestSWUITests.xctest */;
			productType = "com.apple.product-type.bundle.unit-test";
		};
		246C630528ED6E2B00343FE7 /* TestSWUIUITests */ = {
			isa = PBXNativeTarget;
			buildConfigurationList = 246C631628ED6E2B00343FE7 /* Build configuration list for PBXNativeTarget "TestSWUIUITests" */;
			buildPhases = (
				246C630228ED6E2B00343FE7 /* Sources */,
				246C630328ED6E2B00343FE7 /* Frameworks */,
				246C630428ED6E2B00343FE7 /* Resources */,
			);
			buildRules = (
			);
			dependencies = (
				246C630828ED6E2B00343FE7 /* PBXTargetDependency */,
			);
			name = TestSWUIUITests;
			productName = TestSWUIUITests;
			productReference = 246C630628ED6E2B00343FE7 /* TestSWUIUITests.xctest */;
			productType = "com.apple.product-type.bundle.ui-testing";
		};
/* End PBXNativeTarget section */

/* Begin PBXProject section */
		246C62E428ED6E2A00343FE7 /* Project object */ = {
			isa = PBXProject;
			attributes = {
				BuildIndependentTargetsInParallel = 1;
				LastSwiftUpdateCheck = 1340;
				LastUpgradeCheck = 1340;
				TargetAttributes = {
					246C62EB28ED6E2A00343FE7 = {
						CreatedOnToolsVersion = 13.4.1;
					};
					246C62FB28ED6E2B00343FE7 = {
						CreatedOnToolsVersion = 13.4.1;
						TestTargetID = 246C62EB28ED6E2A00343FE7;
					};
					246C630528ED6E2B00343FE7 = {
						CreatedOnToolsVersion = 13.4.1;
						TestTargetID = 246C62EB28ED6E2A00343FE7;
					};
				};
			};
			buildConfigurationList = 246C62E728ED6E2A00343FE7 /* Build configuration list for PBXProject "TestSWUI" */;
			compatibilityVersion = "Xcode 13.0";
			developmentRegion = en;
			hasScannedForEncodings = 0;
			knownRegions = (
				en,
				Base,
			);
			mainGroup = 246C62E328ED6E2A00343FE7;
			productRefGroup = 246C62ED28ED6E2A00343FE7 /* Products */;
			projectDirPath = "";
			projectRoot = "";
			targets = (
				246C62EB28ED6E2A00343FE7 /* TestSWUI */,
				246C62FB28ED6E2B00343FE7 /* TestSWUITests */,
				246C630528ED6E2B00343FE7 /* TestSWUIUITests */,
			);
		};
/* End PBXProject section */

/* Begin PBXResourcesBuildPhase section */
		246C62EA28ED6E2A00343FE7 /* Resources */ = {
			isa = PBXResourcesBuildPhase;
			buildActionMask = 2147483647;
			files = (
				246C62F728ED6E2B00343FE7 /* Preview Assets.xcassets in Resources */,
				246C62F428ED6E2B00343FE7 /* Assets.xcassets in Resources */,
			);
			runOnlyForDeploymentPostprocessing = 0;
		};
		246C62FA28ED6E2B00343FE7 /* Resources */ = {
			isa = PBXResourcesBuildPhase;
			buildActionMask = 2147483647;
			files = (
			);
			runOnlyForDeploymentPostprocessing = 0;
		};
		246C630428ED6E2B00343FE7 /* Resources */ = {
			isa = PBXResourcesBuildPhase;
			buildActionMask = 2147483647;
			files = (
			);
			runOnlyForDeploymentPostprocessing = 0;
		};
/* End PBXResourcesBuildPhase section */

/* Begin PBXSourcesBuildPhase section */
		246C62E828ED6E2A00343FE7 /* Sources */ = {
			isa = PBXSourcesBuildPhase;
			buildActionMask = 2147483647;
			files = (
				246C62F228ED6E2A00343FE7 /* ContentView.swift in Sources */,
				246C62F028ED6E2A00343FE7 /* TestSWUIApp.swift in Sources */,
			);
			runOnlyForDeploymentPostprocessing = 0;
		};
		246C62F828ED6E2B00343FE7 /* Sources */ = {
			isa = PBXSourcesBuildPhase;
			buildActionMask = 2147483647;
			files = (
				246C630128ED6E2B00343FE7 /* TestSWUITests.swift in Sources */,
			);
			runOnlyForDeploymentPostprocessing = 0;
		};
		246C630228ED6E2B00343FE7 /* Sources */ = {
			isa = PBXSourcesBuildPhase;
			buildActionMask = 2147483647;
			files = (
				246C630D28ED6E2B00343FE7 /* TestSWUIUITestsLaunchTests.swift in Sources */,
				246C630B28ED6E2B00343FE7 /* TestSWUIUITests.swift in Sources */,
			);
			runOnlyForDeploymentPostprocessing = 0;
		};
/* End PBXSourcesBuildPhase section */

/* Begin PBXTargetDependency section */
		246C62FE28ED6E2B00343FE7 /* PBXTargetDependency */ = {
			isa = PBXTargetDependency;
			target = 246C62EB28ED6E2A00343FE7 /* TestSWUI */;
			targetProxy = 246C62FD28ED6E2B00343FE7 /* PBXContainerItemProxy */;
		};
		246C630828ED6E2B00343FE7 /* PBXTargetDependency */ = {
			isa = PBXTargetDependency;
			target = 246C62EB28ED6E2A00343FE7 /* TestSWUI */;
			targetProxy = 246C630728ED6E2B00343FE7 /* PBXContainerItemProxy */;
		};
/* End PBXTargetDependency section */

/* Begin XCBuildConfiguration section */
		246C630E28ED6E2B00343FE7 /* Debug */ = {
			isa = XCBuildConfiguration;
			buildSettings = {
				ALWAYS_SEARCH_USER_PATHS = NO;
				CLANG_ANALYZER_NONNULL = YES;
				CLANG_ANALYZER_NUMBER_OBJECT_CONVERSION = YES_AGGRESSIVE;
				CLANG_CXX_LANGUAGE_STANDARD = "gnu++17";
				CLANG_ENABLE_MODULES = YES;
				CLANG_ENABLE_OBJC_ARC = YES;
				CLANG_ENABLE_OBJC_WEAK = YES;
				CLANG_WARN_BLOCK_CAPTURE_AUTORELEASING = YES;
				CLANG_WARN_BOOL_CONVERSION = YES;
				CLANG_WARN_COMMA = YES;
				CLANG_WARN_CONSTANT_CONVERSION = YES;
				CLANG_WARN_DEPRECATED_OBJC_IMPLEMENTATIONS = YES;
				CLANG_WARN_DIRECT_OBJC_ISA_USAGE = YES_ERROR;
				CLANG_WARN_DOCUMENTATION_COMMENTS = YES;
				CLANG_WARN_EMPTY_BODY = YES;
				CLANG_WARN_ENUM_CONVERSION = YES;
				CLANG_WARN_INFINITE_RECURSION = YES;
				CLANG_WARN_INT_CONVERSION = YES;
				CLANG_WARN_NON_LITERAL_NULL_CONVERSION = YES;
				CLANG_WARN_OBJC_IMPLICIT_RETAIN_SELF = YES;
				CLANG_WARN_OBJC_LITERAL_CONVERSION = YES;
				CLANG_WARN_OBJC_ROOT_CLASS = YES_ERROR;
				CLANG_WARN_QUOTED_INCLUDE_IN_FRAMEWORK_HEADER = YES;
				CLANG_WARN_RANGE_LOOP_ANALYSIS = YES;
				CLANG_WARN_STRICT_PROTOTYPES = YES;
				CLANG_WARN_SUSPICIOUS_MOVE = YES;
				CLANG_WARN_UNGUARDED_AVAILABILITY = YES_AGGRESSIVE;
				CLANG_WARN_UNREACHABLE_CODE = YES;
				CLANG_WARN__DUPLICATE_METHOD_MATCH = YES;
				COPY_PHASE_STRIP = NO;
				DEBUG_INFORMATION_FORMAT = dwarf;
				ENABLE_STRICT_OBJC_MSGSEND = YES;
				ENABLE_TESTABILITY = YES;
				GCC_C_LANGUAGE_STANDARD = gnu11;
				GCC_DYNAMIC_NO_PIC = NO;
				GCC_NO_COMMON_BLOCKS = YES;
				GCC_OPTIMIZATION_LEVEL = 0;
				GCC_PREPROCESSOR_DEFINITIONS = (
					"DEBUG=1",
					"$(inherited)",
				);
				GCC_WARN_64_TO_32_BIT_CONVERSION = YES;
				GCC_WARN_ABOUT_RETURN_TYPE = YES_ERROR;
				GCC_WARN_UNDECLARED_SELECTOR = YES;
				GCC_WARN_UNINITIALIZED_AUTOS = YES_AGGRESSIVE;
				GCC_WARN_UNUSED_FUNCTION = YES;
				GCC_WARN_UNUSED_VARIABLE = YES;
				IPHONEOS_DEPLOYMENT_TARGET = 15.5;
				MTL_ENABLE_DEBUG_INFO = INCLUDE_SOURCE;
				MTL_FAST_MATH = YES;
				ONLY_ACTIVE_ARCH = YES;
				SDKROOT = iphoneos;
				SWIFT_ACTIVE_COMPILATION_CONDITIONS = DEBUG;
				SWIFT_OPTIMIZATION_LEVEL = "-Onone";
			};
			name = Debug;
		};
		246C630F28ED6E2B00343FE7 /* Release */ = {
			isa = XCBuildConfiguration;
			buildSettings = {
				ALWAYS_SEARCH_USER_PATHS = NO;
				CLANG_ANALYZER_NONNULL = YES;
				CLANG_ANALYZER_NUMBER_OBJECT_CONVERSION = YES_AGGRESSIVE;
				CLANG_CXX_LANGUAGE_STANDARD = "gnu++17";
				CLANG_ENABLE_MODULES = YES;
				CLANG_ENABLE_OBJC_ARC = YES;
				CLANG_ENABLE_OBJC_WEAK = YES;
				CLANG_WARN_BLOCK_CAPTURE_AUTORELEASING = YES;
				CLANG_WARN_BOOL_CONVERSION = YES;
				CLANG_WARN_COMMA = YES;
				CLANG_WARN_CONSTANT_CONVERSION = YES;
				CLANG_WARN_DEPRECATED_OBJC_IMPLEMENTATIONS = YES;
				CLANG_WARN_DIRECT_OBJC_ISA_USAGE = YES_ERROR;
				CLANG_WARN_DOCUMENTATION_COMMENTS = YES;
				CLANG_WARN_EMPTY_BODY = YES;
				CLANG_WARN_ENUM_CONVERSION = YES;
				CLANG_WARN_INFINITE_RECURSION = YES;
				CLANG_WARN_INT_CONVERSION = YES;
				CLANG_WARN_NON_LITERAL_NULL_CONVERSION = YES;
				CLANG_WARN_OBJC_IMPLICIT_RETAIN_SELF = YES;
				CLANG_WARN_OBJC_LITERAL_CONVERSION = YES;
				CLANG_WARN_OBJC_ROOT_CLASS = YES_ERROR;
				CLANG_WARN_QUOTED_INCLUDE_IN_FRAMEWORK_HEADER = YES;
				CLANG_WARN_RANGE_LOOP_ANALYSIS = YES;
				CLANG_WARN_STRICT_PROTOTYPES = YES;
				CLANG_WARN_SUSPICIOUS_MOVE = YES;
				CLANG_WARN_UNGUARDED_AVAILABILITY = YES_AGGRESSIVE;
				CLANG_WARN_UNREACHABLE_CODE = YES;
				CLANG_WARN__DUPLICATE_METHOD_MATCH = YES;
				COPY_PHASE_STRIP = NO;
				DEBUG_INFORMATION_FORMAT = "dwarf-with-dsym";
				ENABLE_NS_ASSERTIONS = NO;
				ENABLE_STRICT_OBJC_MSGSEND = YES;
				GCC_C_LANGUAGE_STANDARD = gnu11;
				GCC_NO_COMMON_BLOCKS = YES;
				GCC_WARN_64_TO_32_BIT_CONVERSION = YES;
				GCC_WARN_ABOUT_RETURN_TYPE = YES_ERROR;
				GCC_WARN_UNDECLARED_SELECTOR = YES;
				GCC_WARN_UNINITIALIZED_AUTOS = YES_AGGRESSIVE;
				GCC_WARN_UNUSED_FUNCTION = YES;
				GCC_WARN_UNUSED_VARIABLE = YES;
				IPHONEOS_DEPLOYMENT_TARGET = 15.5;
				MTL_ENABLE_DEBUG_INFO = NO;
				MTL_FAST_MATH = YES;
				SDKROOT = iphoneos;
				SWIFT_COMPILATION_MODE = wholemodule;
				SWIFT_OPTIMIZATION_LEVEL = "-O";
				VALIDATE_PRODUCT = YES;
			};
			name = Release;
		};
		246C631128ED6E2B00343FE7 /* Debug */ = {
			isa = XCBuildConfiguration;
			buildSettings = {
				ASSETCATALOG_COMPILER_APPICON_NAME = AppIcon;
				ASSETCATALOG_COMPILER_GLOBAL_ACCENT_COLOR_NAME = AccentColor;
				CODE_SIGN_STYLE = Automatic;
				CURRENT_PROJECT_VERSION = 1;
				DEVELOPMENT_ASSET_PATHS = "\"TestSWUI/Preview Content\"";
				DEVELOPMENT_TEAM = JDJ9QB4MRD;
				ENABLE_PREVIEWS = YES;
				GENERATE_INFOPLIST_FILE = YES;
				INFOPLIST_KEY_UIApplicationSceneManifest_Generation = YES;
				INFOPLIST_KEY_UIApplicationSupportsIndirectInputEvents = YES;
				INFOPLIST_KEY_UILaunchScreen_Generation = YES;
				INFOPLIST_KEY_UISupportedInterfaceOrientations_iPad = "UIInterfaceOrientationPortrait UIInterfaceOrientationPortraitUpsideDown UIInterfaceOrientationLandscapeLeft UIInterfaceOrientationLandscapeRight";
				INFOPLIST_KEY_UISupportedInterfaceOrientations_iPhone = "UIInterfaceOrientationPortrait UIInterfaceOrientationLandscapeLeft UIInterfaceOrientationLandscapeRight";
				LD_RUNPATH_SEARCH_PATHS = (
					"$(inherited)",
					"@executable_path/Frameworks",
				);
				MARKETING_VERSION = 1.0;
				PRODUCT_BUNDLE_IDENTIFIER = "rikkei-test.TestSWUI";
				PRODUCT_NAME = "$(TARGET_NAME)";
				SWIFT_EMIT_LOC_STRINGS = YES;
				SWIFT_VERSION = 5.0;
				TARGETED_DEVICE_FAMILY = "1,2";
			};
			name = Debug;
		};
		246C631228ED6E2B00343FE7 /* Release */ = {
			isa = XCBuildConfiguration;
			buildSettings = {
				ASSETCATALOG_COMPILER_APPICON_NAME = AppIcon;
				ASSETCATALOG_COMPILER_GLOBAL_ACCENT_COLOR_NAME = AccentColor;
				CODE_SIGN_STYLE = Automatic;
				CURRENT_PROJECT_VERSION = 1;
				DEVELOPMENT_ASSET_PATHS = "\"TestSWUI/Preview Content\"";
				DEVELOPMENT_TEAM = JDJ9QB4MRD;
				ENABLE_PREVIEWS = YES;
				GENERATE_INFOPLIST_FILE = YES;
				INFOPLIST_KEY_UIApplicationSceneManifest_Generation = YES;
				INFOPLIST_KEY_UIApplicationSupportsIndirectInputEvents = YES;
				INFOPLIST_KEY_UILaunchScreen_Generation = YES;
				INFOPLIST_KEY_UISupportedInterfaceOrientations_iPad = "UIInterfaceOrientationPortrait UIInterfaceOrientationPortraitUpsideDown UIInterfaceOrientationLandscapeLeft UIInterfaceOrientationLandscapeRight";
				INFOPLIST_KEY_UISupportedInterfaceOrientations_iPhone = "UIInterfaceOrientationPortrait UIInterfaceOrientationLandscapeLeft UIInterfaceOrientationLandscapeRight";
				LD_RUNPATH_SEARCH_PATHS = (
					"$(inherited)",
					"@executable_path/Frameworks",
				);
				MARKETING_VERSION = 1.0;
				PRODUCT_BUNDLE_IDENTIFIER = "rikkei-test.TestSWUI";
				PRODUCT_NAME = "$(TARGET_NAME)";
				SWIFT_EMIT_LOC_STRINGS = YES;
				SWIFT_VERSION = 5.0;
				TARGETED_DEVICE_FAMILY = "1,2";
			};
			name = Release;
		};
		246C631428ED6E2B00343FE7 /* Debug */ = {
			isa = XCBuildConfiguration;
			buildSettings = {
				ALWAYS_EMBED_SWIFT_STANDARD_LIBRARIES = YES;
				BUNDLE_LOADER = "$(TEST_HOST)";
				CODE_SIGN_STYLE = Automatic;
				CURRENT_PROJECT_VERSION = 1;
				DEVELOPMENT_TEAM = JDJ9QB4MRD;
				GENERATE_INFOPLIST_FILE = YES;
				IPHONEOS_DEPLOYMENT_TARGET = 15.5;
				MARKETING_VERSION = 1.0;
				PRODUCT_BUNDLE_IDENTIFIER = "rikkei-test.TestSWUITests";
				PRODUCT_NAME = "$(TARGET_NAME)";
				SWIFT_EMIT_LOC_STRINGS = NO;
				SWIFT_VERSION = 5.0;
				TARGETED_DEVICE_FAMILY = "1,2";
				TEST_HOST = "$(BUILT_PRODUCTS_DIR)/TestSWUI.app/TestSWUI";
			};
			name = Debug;
		};
		246C631528ED6E2B00343FE7 /* Release */ = {
			isa = XCBuildConfiguration;
			buildSettings = {
				ALWAYS_EMBED_SWIFT_STANDARD_LIBRARIES = YES;
				BUNDLE_LOADER = "$(TEST_HOST)";
				CODE_SIGN_STYLE = Automatic;
				CURRENT_PROJECT_VERSION = 1;
				DEVELOPMENT_TEAM = JDJ9QB4MRD;
				GENERATE_INFOPLIST_FILE = YES;
				IPHONEOS_DEPLOYMENT_TARGET = 15.5;
				MARKETING_VERSION = 1.0;
				PRODUCT_BUNDLE_IDENTIFIER = "rikkei-test.TestSWUITests";
				PRODUCT_NAME = "$(TARGET_NAME)";
				SWIFT_EMIT_LOC_STRINGS = NO;
				SWIFT_VERSION = 5.0;
				TARGETED_DEVICE_FAMILY = "1,2";
				TEST_HOST = "$(BUILT_PRODUCTS_DIR)/TestSWUI.app/TestSWUI";
			};
			name = Release;
		};
		246C631728ED6E2B00343FE7 /* Debug */ = {
			isa = XCBuildConfiguration;
			buildSettings = {
				ALWAYS_EMBED_SWIFT_STANDARD_LIBRARIES = YES;
				CODE_SIGN_STYLE = Automatic;
				CURRENT_PROJECT_VERSION = 1;
				DEVELOPMENT_TEAM = JDJ9QB4MRD;
				GENERATE_INFOPLIST_FILE = YES;
				MARKETING_VERSION = 1.0;
				PRODUCT_BUNDLE_IDENTIFIER = "rikkei-test.TestSWUIUITests";
				PRODUCT_NAME = "$(TARGET_NAME)";
				SWIFT_EMIT_LOC_STRINGS = NO;
				SWIFT_VERSION = 5.0;
				TARGETED_DEVICE_FAMILY = "1,2";
				TEST_TARGET_NAME = TestSWUI;
			};
			name = Debug;
		};
		246C631828ED6E2B00343FE7 /* Release */ = {
			isa = XCBuildConfiguration;
			buildSettings = {
				ALWAYS_EMBED_SWIFT_STANDARD_LIBRARIES = YES;
				CODE_SIGN_STYLE = Automatic;
				CURRENT_PROJECT_VERSION = 1;
				DEVELOPMENT_TEAM = JDJ9QB4MRD;
				GENERATE_INFOPLIST_FILE = YES;
				MARKETING_VERSION = 1.0;
				PRODUCT_BUNDLE_IDENTIFIER = "rikkei-test.TestSWUIUITests";
				PRODUCT_NAME = "$(TARGET_NAME)";
				SWIFT_EMIT_LOC_STRINGS = NO;
				SWIFT_VERSION = 5.0;
				TARGETED_DEVICE_FAMILY = "1,2";
				TEST_TARGET_NAME = TestSWUI;
			};
			name = Release;
		};
/* End XCBuildConfiguration section */

/* Begin XCConfigurationList section */
		246C62E728ED6E2A00343FE7 /* Build configuration list for PBXProject "TestSWUI" */ = {
			isa = XCConfigurationList;
			buildConfigurations = (
				246C630E28ED6E2B00343FE7 /* Debug */,
				246C630F28ED6E2B00343FE7 /* Release */,
			);
			defaultConfigurationIsVisible = 0;
			defaultConfigurationName = Release;
		};
		246C631028ED6E2B00343FE7 /* Build configuration list for PBXNativeTarget "TestSWUI" */ = {
			isa = XCConfigurationList;
			buildConfigurations = (
				246C631128ED6E2B00343FE7 /* Debug */,
				246C631228ED6E2B00343FE7 /* Release */,
			);
			defaultConfigurationIsVisible = 0;
			defaultConfigurationName = Release;
		};
		246C631328ED6E2B00343FE7 /* Build configuration list for PBXNativeTarget "TestSWUITests" */ = {
			isa = XCConfigurationList;
			buildConfigurations = (
				246C631428ED6E2B00343FE7 /* Debug */,
				246C631528ED6E2B00343FE7 /* Release */,
			);
			defaultConfigurationIsVisible = 0;
			defaultConfigurationName = Release;
		};
		246C631628ED6E2B00343FE7 /* Build configuration list for PBXNativeTarget "TestSWUIUITests" */ = {
			isa = XCConfigurationList;
			buildConfigurations = (
				246C631728ED6E2B00343FE7 /* Debug */,
				246C631828ED6E2B00343FE7 /* Release */,
			);
			defaultConfigurationIsVisible = 0;
			defaultConfigurationName = Release;
		};
/* End XCConfigurationList section */
	};
	rootObject = 246C62E428ED6E2A00343FE7 /* Project object */;
}
