// !$*UTF8*$!
{
	archiveVersion = 1;
	classes = {
	};
	objectVersion = 55;
	objects = {

/* Begin PBXBuildFile section */
		246C62F028ED6E2A00343FE7 /* TestSWUIApp.swift in Sources */ = {isa = PBXBuildFile; fileRef = 246C62EF28ED6E2A00343FE7 /* TestSWUIApp.swift */; };
		246C62F228ED6E2A00343FE7 /* ContentView.swift in Sources */ = {isa = PBXBuildFile; fileRef = 246C62F128ED6E2A00343FE7 /* ContentView.swift */; };
		246C62F428ED6E2B00343FE7 /* Assets.xcassets in Resources */ = {isa = PBXBuildFile; fileRef = 246C62F328ED6E2B00343FE7 /* Assets.xcassets */; };
		246C62F728ED6E2B00343FE7 /* Preview Assets.xcassets in Resources */ = {isa = PBXBuildFile; fileRef = 246C62F628ED6E2B00343FE7 /* Preview Assets.xcassets */; };
		246C630128ED6E2B00343FE7 /* TestSWUITests.swift in Sources */ = {isa = PBXBuildFile; fileRef = 246C630028ED6E2B00343FE7 /* TestSWUITests.swift */; };
		246C630B28ED6E2B00343FE7 /* TestSWUIUITests.swift in Sources */ = {isa = PBXBuildFile; fileRef = 246C630A28ED6E2B00343FE7 /* TestSWUIUITests.swift */; };
		246C630D28ED6E2B00343FE7 /* TestSWUIUITestsLaunchTests.swift in Sources */ = {isa = PBXBuildFile; fileRef = 246C630C28ED6E2B00343FE7 /* TestSWUIUITestsLaunchTests.swift */; };
		24818D4728FFCC64001E8740 /* LocalStorage.swift in Sources */ = {isa = PBXBuildFile; fileRef = 24818D4628FFCC64001E8740 /* LocalStorage.swift */; };
		2492DFCE28FE911E00ED3006 /* Navigation.swift in Sources */ = {isa = PBXBuildFile; fileRef = 2492DFCD28FE911E00ED3006 /* Navigation.swift */; };
		2492DFD028FE92E900ED3006 /* HomeView.swift in Sources */ = {isa = PBXBuildFile; fileRef = 2492DFCF28FE92E900ED3006 /* HomeView.swift */; };
		2492DFD228FE931100ED3006 /* HomeViewModel.swift in Sources */ = {isa = PBXBuildFile; fileRef = 2492DFD128FE931100ED3006 /* HomeViewModel.swift */; };
		2492DFD628FEA46000ED3006 /* AuthView.swift in Sources */ = {isa = PBXBuildFile; fileRef = 2492DFD528FEA46000ED3006 /* AuthView.swift */; };
		2492DFD828FEA46E00ED3006 /* AuthViewModel.swift in Sources */ = {isa = PBXBuildFile; fileRef = 2492DFD728FEA46E00ED3006 /* AuthViewModel.swift */; };
		2492DFDC28FEB5C100ED3006 /* Item.swift in Sources */ = {isa = PBXBuildFile; fileRef = 2492DFDB28FEB5C100ED3006 /* Item.swift */; };
		24A0CEF028FF8C0D00C69CDA /* SessionNetwork.swift in Sources */ = {isa = PBXBuildFile; fileRef = 24A0CEEF28FF8C0D00C69CDA /* SessionNetwork.swift */; };
		24A0CEF228FF8CC500C69CDA /* NavigationViewModel.swift in Sources */ = {isa = PBXBuildFile; fileRef = 24A0CEF128FF8CC500C69CDA /* NavigationViewModel.swift */; };
		24A0CEF628FF91BC00C69CDA /* AuthPost.swift in Sources */ = {isa = PBXBuildFile; fileRef = 24A0CEF528FF91BC00C69CDA /* AuthPost.swift */; };
		24A0CEFB28FF94C400C69CDA /* AuthResponse.swift in Sources */ = {isa = PBXBuildFile; fileRef = 24A0CEFA28FF94C400C69CDA /* AuthResponse.swift */; };
		24FB439128FD5B40006A7F68 /* CustomButton.swift in Sources */ = {isa = PBXBuildFile; fileRef = 24FB439028FD5B40006A7F68 /* CustomButton.swift */; };
		5BE7620284CB639B3B48377C /* Pods_TestSWUITests.framework in Frameworks */ = {isa = PBXBuildFile; fileRef = 65DA7901503F42454304069A /* Pods_TestSWUITests.framework */; };
		7EF8012DA90748AAB8FB140C /* Pods_TestSWUI_TestSWUIUITests.framework in Frameworks */ = {isa = PBXBuildFile; fileRef = 06A39AD25BA5146B531F2385 /* Pods_TestSWUI_TestSWUIUITests.framework */; };
		C45DCBF8F6BAFA261A40ED3E /* Pods_TestSWUI.framework in Frameworks */ = {isa = PBXBuildFile; fileRef = 9108225236F6094DE362007A /* Pods_TestSWUI.framework */; };
/* End PBXBuildFile section */

/* Begin PBXContainerItemProxy section */
		246C62FD28ED6E2B00343FE7 /* PBXContainerItemProxy */ = {
			isa = PBXContainerItemProxy;
			containerPortal = 246C62E428ED6E2A00343FE7 /* Project object */;
			proxyType = 1;
			remoteGlobalIDString = 246C62EB28ED6E2A00343FE7;
			remoteInfo = TestSWUI;
		};
		246C630728ED6E2B00343FE7 /* PBXContainerItemProxy */ = {
			isa = PBXContainerItemProxy;
			containerPortal = 246C62E428ED6E2A00343FE7 /* Project object */;
			proxyType = 1;
			remoteGlobalIDString = 246C62EB28ED6E2A00343FE7;
			remoteInfo = TestSWUI;
		};
/* End PBXContainerItemProxy section */

/* Begin PBXFileReference section */
		06A39AD25BA5146B531F2385 /* Pods_TestSWUI_TestSWUIUITests.framework */ = {isa = PBXFileReference; explicitFileType = wrapper.framework; includeInIndex = 0; path = Pods_TestSWUI_TestSWUIUITests.framework; sourceTree = BUILT_PRODUCTS_DIR; };
		246C62EC28ED6E2A00343FE7 /* TestSWUI.app */ = {isa = PBXFileReference; explicitFileType = wrapper.application; includeInIndex = 0; path = TestSWUI.app; sourceTree = BUILT_PRODUCTS_DIR; };
		246C62EF28ED6E2A00343FE7 /* TestSWUIApp.swift */ = {isa = PBXFileReference; lastKnownFileType = sourcecode.swift; path = TestSWUIApp.swift; sourceTree = "<group>"; };
		246C62F128ED6E2A00343FE7 /* ContentView.swift */ = {isa = PBXFileReference; lastKnownFileType = sourcecode.swift; path = ContentView.swift; sourceTree = "<group>"; };
		246C62F328ED6E2B00343FE7 /* Assets.xcassets */ = {isa = PBXFileReference; lastKnownFileType = folder.assetcatalog; path = Assets.xcassets; sourceTree = "<group>"; };
		246C62F628ED6E2B00343FE7 /* Preview Assets.xcassets */ = {isa = PBXFileReference; lastKnownFileType = folder.assetcatalog; path = "Preview Assets.xcassets"; sourceTree = "<group>"; };
		246C62FC28ED6E2B00343FE7 /* TestSWUITests.xctest */ = {isa = PBXFileReference; explicitFileType = wrapper.cfbundle; includeInIndex = 0; path = TestSWUITests.xctest; sourceTree = BUILT_PRODUCTS_DIR; };
		246C630028ED6E2B00343FE7 /* TestSWUITests.swift */ = {isa = PBXFileReference; lastKnownFileType = sourcecode.swift; path = TestSWUITests.swift; sourceTree = "<group>"; };
		246C630628ED6E2B00343FE7 /* TestSWUIUITests.xctest */ = {isa = PBXFileReference; explicitFileType = wrapper.cfbundle; includeInIndex = 0; path = TestSWUIUITests.xctest; sourceTree = BUILT_PRODUCTS_DIR; };
		246C630A28ED6E2B00343FE7 /* TestSWUIUITests.swift */ = {isa = PBXFileReference; lastKnownFileType = sourcecode.swift; path = TestSWUIUITests.swift; sourceTree = "<group>"; };
		246C630C28ED6E2B00343FE7 /* TestSWUIUITestsLaunchTests.swift */ = {isa = PBXFileReference; lastKnownFileType = sourcecode.swift; path = TestSWUIUITestsLaunchTests.swift; sourceTree = "<group>"; };
		24818D4628FFCC64001E8740 /* LocalStorage.swift */ = {isa = PBXFileReference; lastKnownFileType = sourcecode.swift; path = LocalStorage.swift; sourceTree = "<group>"; };
		2492DFCD28FE911E00ED3006 /* Navigation.swift */ = {isa = PBXFileReference; lastKnownFileType = sourcecode.swift; path = Navigation.swift; sourceTree = "<group>"; };
		2492DFCF28FE92E900ED3006 /* HomeView.swift */ = {isa = PBXFileReference; lastKnownFileType = sourcecode.swift; path = HomeView.swift; sourceTree = "<group>"; };
		2492DFD128FE931100ED3006 /* HomeViewModel.swift */ = {isa = PBXFileReference; lastKnownFileType = sourcecode.swift; path = HomeViewModel.swift; sourceTree = "<group>"; };
		2492DFD528FEA46000ED3006 /* AuthView.swift */ = {isa = PBXFileReference; lastKnownFileType = sourcecode.swift; path = AuthView.swift; sourceTree = "<group>"; };
		2492DFD728FEA46E00ED3006 /* AuthViewModel.swift */ = {isa = PBXFileReference; lastKnownFileType = sourcecode.swift; path = AuthViewModel.swift; sourceTree = "<group>"; };
		2492DFDB28FEB5C100ED3006 /* Item.swift */ = {isa = PBXFileReference; lastKnownFileType = sourcecode.swift; path = Item.swift; sourceTree = "<group>"; };
		24A0CEEF28FF8C0D00C69CDA /* SessionNetwork.swift */ = {isa = PBXFileReference; lastKnownFileType = sourcecode.swift; path = SessionNetwork.swift; sourceTree = "<group>"; };
		24A0CEF128FF8CC500C69CDA /* NavigationViewModel.swift */ = {isa = PBXFileReference; lastKnownFileType = sourcecode.swift; path = NavigationViewModel.swift; sourceTree = "<group>"; };
		24A0CEF528FF91BC00C69CDA /* AuthPost.swift */ = {isa = PBXFileReference; lastKnownFileType = sourcecode.swift; path = AuthPost.swift; sourceTree = "<group>"; };
		24A0CEFA28FF94C400C69CDA /* AuthResponse.swift */ = {isa = PBXFileReference; lastKnownFileType = sourcecode.swift; path = AuthResponse.swift; sourceTree = "<group>"; };
		24FB439028FD5B40006A7F68 /* CustomButton.swift */ = {isa = PBXFileReference; lastKnownFileType = sourcecode.swift; path = CustomButton.swift; sourceTree = "<group>"; };
		573B39DBB43F1B201F1D5034 /* Pods-TestSWUITests.debug.xcconfig */ = {isa = PBXFileReference; includeInIndex = 1; lastKnownFileType = text.xcconfig; name = "Pods-TestSWUITests.debug.xcconfig"; path = "Target Support Files/Pods-TestSWUITests/Pods-TestSWUITests.debug.xcconfig"; sourceTree = "<group>"; };
		62525457365845AF723972FC /* Pods-TestSWUI-TestSWUIUITests.release.xcconfig */ = {isa = PBXFileReference; includeInIndex = 1; lastKnownFileType = text.xcconfig; name = "Pods-TestSWUI-TestSWUIUITests.release.xcconfig"; path = "Target Support Files/Pods-TestSWUI-TestSWUIUITests/Pods-TestSWUI-TestSWUIUITests.release.xcconfig"; sourceTree = "<group>"; };
		65DA7901503F42454304069A /* Pods_TestSWUITests.framework */ = {isa = PBXFileReference; explicitFileType = wrapper.framework; includeInIndex = 0; path = Pods_TestSWUITests.framework; sourceTree = BUILT_PRODUCTS_DIR; };
		66E2E6E0B42E646CB23B0B57 /* Pods-TestSWUI-TestSWUIUITests.debug.xcconfig */ = {isa = PBXFileReference; includeInIndex = 1; lastKnownFileType = text.xcconfig; name = "Pods-TestSWUI-TestSWUIUITests.debug.xcconfig"; path = "Target Support Files/Pods-TestSWUI-TestSWUIUITests/Pods-TestSWUI-TestSWUIUITests.debug.xcconfig"; sourceTree = "<group>"; };
		766F2F73DF0A3D457DB49EF2 /* Pods-TestSWUI.release.xcconfig */ = {isa = PBXFileReference; includeInIndex = 1; lastKnownFileType = text.xcconfig; name = "Pods-TestSWUI.release.xcconfig"; path = "Target Support Files/Pods-TestSWUI/Pods-TestSWUI.release.xcconfig"; sourceTree = "<group>"; };
		9108225236F6094DE362007A /* Pods_TestSWUI.framework */ = {isa = PBXFileReference; explicitFileType = wrapper.framework; includeInIndex = 0; path = Pods_TestSWUI.framework; sourceTree = BUILT_PRODUCTS_DIR; };
		C6E5558687ECC6F25DDB57CA /* Pods-TestSWUI.debug.xcconfig */ = {isa = PBXFileReference; includeInIndex = 1; lastKnownFileType = text.xcconfig; name = "Pods-TestSWUI.debug.xcconfig"; path = "Target Support Files/Pods-TestSWUI/Pods-TestSWUI.debug.xcconfig"; sourceTree = "<group>"; };
		DEA40CE8B409FBD12E7710D4 /* Pods-TestSWUITests.release.xcconfig */ = {isa = PBXFileReference; includeInIndex = 1; lastKnownFileType = text.xcconfig; name = "Pods-TestSWUITests.release.xcconfig"; path = "Target Support Files/Pods-TestSWUITests/Pods-TestSWUITests.release.xcconfig"; sourceTree = "<group>"; };
/* End PBXFileReference section */

/* Begin PBXFrameworksBuildPhase section */
		246C62E928ED6E2A00343FE7 /* Frameworks */ = {
			isa = PBXFrameworksBuildPhase;
			buildActionMask = 2147483647;
			files = (
				C45DCBF8F6BAFA261A40ED3E /* Pods_TestSWUI.framework in Frameworks */,
			);
			runOnlyForDeploymentPostprocessing = 0;
		};
		246C62F928ED6E2B00343FE7 /* Frameworks */ = {
			isa = PBXFrameworksBuildPhase;
			buildActionMask = 2147483647;
			files = (
				5BE7620284CB639B3B48377C /* Pods_TestSWUITests.framework in Frameworks */,
			);
			runOnlyForDeploymentPostprocessing = 0;
		};
		246C630328ED6E2B00343FE7 /* Frameworks */ = {
			isa = PBXFrameworksBuildPhase;
			buildActionMask = 2147483647;
			files = (
				7EF8012DA90748AAB8FB140C /* Pods_TestSWUI_TestSWUIUITests.framework in Frameworks */,
			);
			runOnlyForDeploymentPostprocessing = 0;
		};
/* End PBXFrameworksBuildPhase section */

/* Begin PBXGroup section */
		246C62E328ED6E2A00343FE7 = {
			isa = PBXGroup;
			children = (
				246C62EE28ED6E2A00343FE7 /* TestSWUI */,
				246C62FF28ED6E2B00343FE7 /* TestSWUITests */,
				246C630928ED6E2B00343FE7 /* TestSWUIUITests */,
				246C62ED28ED6E2A00343FE7 /* Products */,
				521AF98338F3E6A328289A37 /* Pods */,
				65FD6008822BC98EE6F7F521 /* Frameworks */,
			);
			sourceTree = "<group>";
		};
		246C62ED28ED6E2A00343FE7 /* Products */ = {
			isa = PBXGroup;
			children = (
				246C62EC28ED6E2A00343FE7 /* TestSWUI.app */,
				246C62FC28ED6E2B00343FE7 /* TestSWUITests.xctest */,
				246C630628ED6E2B00343FE7 /* TestSWUIUITests.xctest */,
			);
			name = Products;
			sourceTree = "<group>";
		};
		246C62EE28ED6E2A00343FE7 /* TestSWUI */ = {
			isa = PBXGroup;
			children = (
				24818D4528FFCC52001E8740 /* Helper */,
				24A0CEEE28FF8BE500C69CDA /* Network */,
				2492DFD928FEB5A700ED3006 /* Model */,
				2492DFCA28FE90FC00ED3006 /* View+ViewModel */,
				24FB438D28FD5ADF006A7F68 /* CommonWidget */,
				246C62EF28ED6E2A00343FE7 /* TestSWUIApp.swift */,
				246C62F128ED6E2A00343FE7 /* ContentView.swift */,
				246C62F328ED6E2B00343FE7 /* Assets.xcassets */,
				246C62F528ED6E2B00343FE7 /* Preview Content */,
			);
			path = TestSWUI;
			sourceTree = "<group>";
		};
		246C62F528ED6E2B00343FE7 /* Preview Content */ = {
			isa = PBXGroup;
			children = (
				246C62F628ED6E2B00343FE7 /* Preview Assets.xcassets */,
			);
			path = "Preview Content";
			sourceTree = "<group>";
		};
		246C62FF28ED6E2B00343FE7 /* TestSWUITests */ = {
			isa = PBXGroup;
			children = (
				246C630028ED6E2B00343FE7 /* TestSWUITests.swift */,
			);
			path = TestSWUITests;
			sourceTree = "<group>";
		};
		246C630928ED6E2B00343FE7 /* TestSWUIUITests */ = {
			isa = PBXGroup;
			children = (
				246C630A28ED6E2B00343FE7 /* TestSWUIUITests.swift */,
				246C630C28ED6E2B00343FE7 /* TestSWUIUITestsLaunchTests.swift */,
			);
			path = TestSWUIUITests;
			sourceTree = "<group>";
		};
		24818D4528FFCC52001E8740 /* Helper */ = {
			isa = PBXGroup;
			children = (
				24818D4628FFCC64001E8740 /* LocalStorage.swift */,
			);
			path = Helper;
			sourceTree = "<group>";
		};
		2492DFCA28FE90FC00ED3006 /* View+ViewModel */ = {
			isa = PBXGroup;
			children = (
				24DFD63028FFA2C90097B5AF /* News */,
				2492DFD428FEA44F00ED3006 /* LoginScreen */,
				2492DFCC28FE910D00ED3006 /* Navigation */,
				2492DFCB28FE910800ED3006 /* Home */,
			);
			path = "View+ViewModel";
			sourceTree = "<group>";
		};
		2492DFCB28FE910800ED3006 /* Home */ = {
			isa = PBXGroup;
			children = (
				2492DFCF28FE92E900ED3006 /* HomeView.swift */,
				2492DFD128FE931100ED3006 /* HomeViewModel.swift */,
			);
			path = Home;
			sourceTree = "<group>";
		};
		2492DFCC28FE910D00ED3006 /* Navigation */ = {
			isa = PBXGroup;
			children = (
				2492DFCD28FE911E00ED3006 /* Navigation.swift */,
				24A0CEF128FF8CC500C69CDA /* NavigationViewModel.swift */,
			);
			path = Navigation;
			sourceTree = "<group>";
		};
		2492DFD428FEA44F00ED3006 /* LoginScreen */ = {
			isa = PBXGroup;
			children = (
				2492DFD528FEA46000ED3006 /* AuthView.swift */,
				2492DFD728FEA46E00ED3006 /* AuthViewModel.swift */,
			);
			path = LoginScreen;
			sourceTree = "<group>";
		};
		2492DFD928FEB5A700ED3006 /* Model */ = {
			isa = PBXGroup;
			children = (
				24A0CEF928FF94B200C69CDA /* Output */,
				24A0CEF328FF918F00C69CDA /* Input */,
				2492DFDB28FEB5C100ED3006 /* Item.swift */,
			);
			path = Model;
			sourceTree = "<group>";
		};
		24A0CEEE28FF8BE500C69CDA /* Network */ = {
			isa = PBXGroup;
			children = (
				24A0CEEF28FF8C0D00C69CDA /* SessionNetwork.swift */,
			);
			path = Network;
			sourceTree = "<group>";
		};
		24A0CEF328FF918F00C69CDA /* Input */ = {
			isa = PBXGroup;
			children = (
				24A0CEF528FF91BC00C69CDA /* AuthPost.swift */,
			);
			path = Input;
			sourceTree = "<group>";
		};
		24A0CEF928FF94B200C69CDA /* Output */ = {
			isa = PBXGroup;
			children = (
				24A0CEFA28FF94C400C69CDA /* AuthResponse.swift */,
			);
			path = Output;
			sourceTree = "<group>";
		};
		24DFD63028FFA2C90097B5AF /* News */ = {
			isa = PBXGroup;
			children = (
			);
			path = News;
			sourceTree = "<group>";
		};
		24FB438D28FD5ADF006A7F68 /* CommonWidget */ = {
			isa = PBXGroup;
			children = (
				24FB439028FD5B40006A7F68 /* CustomButton.swift */,
			);
			path = CommonWidget;
			sourceTree = "<group>";
		};
		521AF98338F3E6A328289A37 /* Pods */ = {
			isa = PBXGroup;
			children = (
				C6E5558687ECC6F25DDB57CA /* Pods-TestSWUI.debug.xcconfig */,
				766F2F73DF0A3D457DB49EF2 /* Pods-TestSWUI.release.xcconfig */,
				66E2E6E0B42E646CB23B0B57 /* Pods-TestSWUI-TestSWUIUITests.debug.xcconfig */,
				62525457365845AF723972FC /* Pods-TestSWUI-TestSWUIUITests.release.xcconfig */,
				573B39DBB43F1B201F1D5034 /* Pods-TestSWUITests.debug.xcconfig */,
				DEA40CE8B409FBD12E7710D4 /* Pods-TestSWUITests.release.xcconfig */,
			);
			path = Pods;
			sourceTree = "<group>";
		};
		65FD6008822BC98EE6F7F521 /* Frameworks */ = {
			isa = PBXGroup;
			children = (
				9108225236F6094DE362007A /* Pods_TestSWUI.framework */,
				06A39AD25BA5146B531F2385 /* Pods_TestSWUI_TestSWUIUITests.framework */,
				65DA7901503F42454304069A /* Pods_TestSWUITests.framework */,
			);
			name = Frameworks;
			sourceTree = "<group>";
		};
/* End PBXGroup section */

/* Begin PBXNativeTarget section */
		246C62EB28ED6E2A00343FE7 /* TestSWUI */ = {
			isa = PBXNativeTarget;
			buildConfigurationList = 246C631028ED6E2B00343FE7 /* Build configuration list for PBXNativeTarget "TestSWUI" */;
			buildPhases = (
				1D16FB78ACA8A128E93A7155 /* [CP] Check Pods Manifest.lock */,
				246C62E828ED6E2A00343FE7 /* Sources */,
				246C62E928ED6E2A00343FE7 /* Frameworks */,
				246C62EA28ED6E2A00343FE7 /* Resources */,
				FB5433172B893EE0F99C566E /* [CP] Embed Pods Frameworks */,
			);
			buildRules = (
			);
			dependencies = (
			);
			name = TestSWUI;
			packageProductDependencies = (
			);
			productName = TestSWUI;
			productReference = 246C62EC28ED6E2A00343FE7 /* TestSWUI.app */;
			productType = "com.apple.product-type.application";
		};
		246C62FB28ED6E2B00343FE7 /* TestSWUITests */ = {
			isa = PBXNativeTarget;
			buildConfigurationList = 246C631328ED6E2B00343FE7 /* Build configuration list for PBXNativeTarget "TestSWUITests" */;
			buildPhases = (
				71F69297D011F21E50143BA3 /* [CP] Check Pods Manifest.lock */,
				246C62F828ED6E2B00343FE7 /* Sources */,
				246C62F928ED6E2B00343FE7 /* Frameworks */,
				246C62FA28ED6E2B00343FE7 /* Resources */,
			);
			buildRules = (
			);
			dependencies = (
				246C62FE28ED6E2B00343FE7 /* PBXTargetDependency */,
			);
			name = TestSWUITests;
			productName = TestSWUITests;
			productReference = 246C62FC28ED6E2B00343FE7 /* TestSWUITests.xctest */;
			productType = "com.apple.product-type.bundle.unit-test";
		};
		246C630528ED6E2B00343FE7 /* TestSWUIUITests */ = {
			isa = PBXNativeTarget;
			buildConfigurationList = 246C631628ED6E2B00343FE7 /* Build configuration list for PBXNativeTarget "TestSWUIUITests" */;
			buildPhases = (
				F6028D096B9AF41558B2E90E /* [CP] Check Pods Manifest.lock */,
				246C630228ED6E2B00343FE7 /* Sources */,
				246C630328ED6E2B00343FE7 /* Frameworks */,
				246C630428ED6E2B00343FE7 /* Resources */,
				CD5B88C065334B641BF231C9 /* [CP] Embed Pods Frameworks */,
			);
			buildRules = (
			);
			dependencies = (
				246C630828ED6E2B00343FE7 /* PBXTargetDependency */,
			);
			name = TestSWUIUITests;
			productName = TestSWUIUITests;
			productReference = 246C630628ED6E2B00343FE7 /* TestSWUIUITests.xctest */;
			productType = "com.apple.product-type.bundle.ui-testing";
		};
/* End PBXNativeTarget section */

/* Begin PBXProject section */
		246C62E428ED6E2A00343FE7 /* Project object */ = {
			isa = PBXProject;
			attributes = {
				BuildIndependentTargetsInParallel = 1;
				LastSwiftUpdateCheck = 1340;
				LastUpgradeCheck = 1340;
				TargetAttributes = {
					246C62EB28ED6E2A00343FE7 = {
						CreatedOnToolsVersion = 13.4.1;
					};
					246C62FB28ED6E2B00343FE7 = {
						CreatedOnToolsVersion = 13.4.1;
						TestTargetID = 246C62EB28ED6E2A00343FE7;
					};
					246C630528ED6E2B00343FE7 = {
						CreatedOnToolsVersion = 13.4.1;
						TestTargetID = 246C62EB28ED6E2A00343FE7;
					};
				};
			};
			buildConfigurationList = 246C62E728ED6E2A00343FE7 /* Build configuration list for PBXProject "TestSWUI" */;
			compatibilityVersion = "Xcode 13.0";
			developmentRegion = en;
			hasScannedForEncodings = 0;
			knownRegions = (
				en,
				Base,
			);
			mainGroup = 246C62E328ED6E2A00343FE7;
			packageReferences = (
			);
			productRefGroup = 246C62ED28ED6E2A00343FE7 /* Products */;
			projectDirPath = "";
			projectRoot = "";
			targets = (
				246C62EB28ED6E2A00343FE7 /* TestSWUI */,
				246C62FB28ED6E2B00343FE7 /* TestSWUITests */,
				246C630528ED6E2B00343FE7 /* TestSWUIUITests */,
			);
		};
/* End PBXProject section */

/* Begin PBXResourcesBuildPhase section */
		246C62EA28ED6E2A00343FE7 /* Resources */ = {
			isa = PBXResourcesBuildPhase;
			buildActionMask = 2147483647;
			files = (
				246C62F728ED6E2B00343FE7 /* Preview Assets.xcassets in Resources */,
				246C62F428ED6E2B00343FE7 /* Assets.xcassets in Resources */,
			);
			runOnlyForDeploymentPostprocessing = 0;
		};
		246C62FA28ED6E2B00343FE7 /* Resources */ = {
			isa = PBXResourcesBuildPhase;
			buildActionMask = 2147483647;
			files = (
			);
			runOnlyForDeploymentPostprocessing = 0;
		};
		246C630428ED6E2B00343FE7 /* Resources */ = {
			isa = PBXResourcesBuildPhase;
			buildActionMask = 2147483647;
			files = (
			);
			runOnlyForDeploymentPostprocessing = 0;
		};
/* End PBXResourcesBuildPhase section */

/* Begin PBXShellScriptBuildPhase section */
		1D16FB78ACA8A128E93A7155 /* [CP] Check Pods Manifest.lock */ = {
			isa = PBXShellScriptBuildPhase;
			buildActionMask = 2147483647;
			files = (
			);
			inputFileListPaths = (
			);
			inputPaths = (
				"${PODS_PODFILE_DIR_PATH}/Podfile.lock",
				"${PODS_ROOT}/Manifest.lock",
			);
			name = "[CP] Check Pods Manifest.lock";
			outputFileListPaths = (
			);
			outputPaths = (
				"$(DERIVED_FILE_DIR)/Pods-TestSWUI-checkManifestLockResult.txt",
			);
			runOnlyForDeploymentPostprocessing = 0;
			shellPath = /bin/sh;
			shellScript = "diff \"${PODS_PODFILE_DIR_PATH}/Podfile.lock\" \"${PODS_ROOT}/Manifest.lock\" > /dev/null\nif [ $? != 0 ] ; then\n    # print error to STDERR\n    echo \"error: The sandbox is not in sync with the Podfile.lock. Run 'pod install' or update your CocoaPods installation.\" >&2\n    exit 1\nfi\n# This output is used by Xcode 'outputs' to avoid re-running this script phase.\necho \"SUCCESS\" > \"${SCRIPT_OUTPUT_FILE_0}\"\n";
			showEnvVarsInLog = 0;
		};
		71F69297D011F21E50143BA3 /* [CP] Check Pods Manifest.lock */ = {
			isa = PBXShellScriptBuildPhase;
			buildActionMask = 2147483647;
			files = (
			);
			inputFileListPaths = (
			);
			inputPaths = (
				"${PODS_PODFILE_DIR_PATH}/Podfile.lock",
				"${PODS_ROOT}/Manifest.lock",
			);
			name = "[CP] Check Pods Manifest.lock";
			outputFileListPaths = (
			);
			outputPaths = (
				"$(DERIVED_FILE_DIR)/Pods-TestSWUITests-checkManifestLockResult.txt",
			);
			runOnlyForDeploymentPostprocessing = 0;
			shellPath = /bin/sh;
			shellScript = "diff \"${PODS_PODFILE_DIR_PATH}/Podfile.lock\" \"${PODS_ROOT}/Manifest.lock\" > /dev/null\nif [ $? != 0 ] ; then\n    # print error to STDERR\n    echo \"error: The sandbox is not in sync with the Podfile.lock. Run 'pod install' or update your CocoaPods installation.\" >&2\n    exit 1\nfi\n# This output is used by Xcode 'outputs' to avoid re-running this script phase.\necho \"SUCCESS\" > \"${SCRIPT_OUTPUT_FILE_0}\"\n";
			showEnvVarsInLog = 0;
		};
		CD5B88C065334B641BF231C9 /* [CP] Embed Pods Frameworks */ = {
			isa = PBXShellScriptBuildPhase;
			buildActionMask = 2147483647;
			files = (
			);
			inputFileListPaths = (
				"${PODS_ROOT}/Target Support Files/Pods-TestSWUI-TestSWUIUITests/Pods-TestSWUI-TestSWUIUITests-frameworks-${CONFIGURATION}-input-files.xcfilelist",
			);
			name = "[CP] Embed Pods Frameworks";
			outputFileListPaths = (
				"${PODS_ROOT}/Target Support Files/Pods-TestSWUI-TestSWUIUITests/Pods-TestSWUI-TestSWUIUITests-frameworks-${CONFIGURATION}-output-files.xcfilelist",
			);
			runOnlyForDeploymentPostprocessing = 0;
			shellPath = /bin/sh;
			shellScript = "\"${PODS_ROOT}/Target Support Files/Pods-TestSWUI-TestSWUIUITests/Pods-TestSWUI-TestSWUIUITests-frameworks.sh\"\n";
			showEnvVarsInLog = 0;
		};
		F6028D096B9AF41558B2E90E /* [CP] Check Pods Manifest.lock */ = {
			isa = PBXShellScriptBuildPhase;
			buildActionMask = 2147483647;
			files = (
			);
			inputFileListPaths = (
			);
			inputPaths = (
				"${PODS_PODFILE_DIR_PATH}/Podfile.lock",
				"${PODS_ROOT}/Manifest.lock",
			);
			name = "[CP] Check Pods Manifest.lock";
			outputFileListPaths = (
			);
			outputPaths = (
				"$(DERIVED_FILE_DIR)/Pods-TestSWUI-TestSWUIUITests-checkManifestLockResult.txt",
			);
			runOnlyForDeploymentPostprocessing = 0;
			shellPath = /bin/sh;
			shellScript = "diff \"${PODS_PODFILE_DIR_PATH}/Podfile.lock\" \"${PODS_ROOT}/Manifest.lock\" > /dev/null\nif [ $? != 0 ] ; then\n    # print error to STDERR\n    echo \"error: The sandbox is not in sync with the Podfile.lock. Run 'pod install' or update your CocoaPods installation.\" >&2\n    exit 1\nfi\n# This output is used by Xcode 'outputs' to avoid re-running this script phase.\necho \"SUCCESS\" > \"${SCRIPT_OUTPUT_FILE_0}\"\n";
			showEnvVarsInLog = 0;
		};
		FB5433172B893EE0F99C566E /* [CP] Embed Pods Frameworks */ = {
			isa = PBXShellScriptBuildPhase;
			buildActionMask = 2147483647;
			files = (
			);
			inputFileListPaths = (
				"${PODS_ROOT}/Target Support Files/Pods-TestSWUI/Pods-TestSWUI-frameworks-${CONFIGURATION}-input-files.xcfilelist",
			);
			name = "[CP] Embed Pods Frameworks";
			outputFileListPaths = (
				"${PODS_ROOT}/Target Support Files/Pods-TestSWUI/Pods-TestSWUI-frameworks-${CONFIGURATION}-output-files.xcfilelist",
			);
			runOnlyForDeploymentPostprocessing = 0;
			shellPath = /bin/sh;
			shellScript = "\"${PODS_ROOT}/Target Support Files/Pods-TestSWUI/Pods-TestSWUI-frameworks.sh\"\n";
			showEnvVarsInLog = 0;
		};
/* End PBXShellScriptBuildPhase section */

/* Begin PBXSourcesBuildPhase section */
		246C62E828ED6E2A00343FE7 /* Sources */ = {
			isa = PBXSourcesBuildPhase;
			buildActionMask = 2147483647;
			files = (
				24A0CEF028FF8C0D00C69CDA /* SessionNetwork.swift in Sources */,
				2492DFD628FEA46000ED3006 /* AuthView.swift in Sources */,
				2492DFDC28FEB5C100ED3006 /* Item.swift in Sources */,
				24A0CEF228FF8CC500C69CDA /* NavigationViewModel.swift in Sources */,
				24A0CEFB28FF94C400C69CDA /* AuthResponse.swift in Sources */,
				24818D4728FFCC64001E8740 /* LocalStorage.swift in Sources */,
				246C62F228ED6E2A00343FE7 /* ContentView.swift in Sources */,
				2492DFD228FE931100ED3006 /* HomeViewModel.swift in Sources */,
				246C62F028ED6E2A00343FE7 /* TestSWUIApp.swift in Sources */,
				2492DFD828FEA46E00ED3006 /* AuthViewModel.swift in Sources */,
				24FB439128FD5B40006A7F68 /* CustomButton.swift in Sources */,
				24A0CEF628FF91BC00C69CDA /* AuthPost.swift in Sources */,
				2492DFD028FE92E900ED3006 /* HomeView.swift in Sources */,
				2492DFCE28FE911E00ED3006 /* Navigation.swift in Sources */,
			);
			runOnlyForDeploymentPostprocessing = 0;
		};
		246C62F828ED6E2B00343FE7 /* Sources */ = {
			isa = PBXSourcesBuildPhase;
			buildActionMask = 2147483647;
			files = (
				246C630128ED6E2B00343FE7 /* TestSWUITests.swift in Sources */,
			);
			runOnlyForDeploymentPostprocessing = 0;
		};
		246C630228ED6E2B00343FE7 /* Sources */ = {
			isa = PBXSourcesBuildPhase;
			buildActionMask = 2147483647;
			files = (
				246C630D28ED6E2B00343FE7 /* TestSWUIUITestsLaunchTests.swift in Sources */,
				246C630B28ED6E2B00343FE7 /* TestSWUIUITests.swift in Sources */,
			);
			runOnlyForDeploymentPostprocessing = 0;
		};
/* End PBXSourcesBuildPhase section */

/* Begin PBXTargetDependency section */
		246C62FE28ED6E2B00343FE7 /* PBXTargetDependency */ = {
			isa = PBXTargetDependency;
			target = 246C62EB28ED6E2A00343FE7 /* TestSWUI */;
			targetProxy = 246C62FD28ED6E2B00343FE7 /* PBXContainerItemProxy */;
		};
		246C630828ED6E2B00343FE7 /* PBXTargetDependency */ = {
			isa = PBXTargetDependency;
			target = 246C62EB28ED6E2A00343FE7 /* TestSWUI */;
			targetProxy = 246C630728ED6E2B00343FE7 /* PBXContainerItemProxy */;
		};
/* End PBXTargetDependency section */

/* Begin XCBuildConfiguration section */
		246C630E28ED6E2B00343FE7 /* Debug */ = {
			isa = XCBuildConfiguration;
			buildSettings = {
				ALWAYS_SEARCH_USER_PATHS = NO;
				CLANG_ANALYZER_NONNULL = YES;
				CLANG_ANALYZER_NUMBER_OBJECT_CONVERSION = YES_AGGRESSIVE;
				CLANG_CXX_LANGUAGE_STANDARD = "gnu++17";
				CLANG_ENABLE_MODULES = YES;
				CLANG_ENABLE_OBJC_ARC = YES;
				CLANG_ENABLE_OBJC_WEAK = YES;
				CLANG_WARN_BLOCK_CAPTURE_AUTORELEASING = YES;
				CLANG_WARN_BOOL_CONVERSION = YES;
				CLANG_WARN_COMMA = YES;
				CLANG_WARN_CONSTANT_CONVERSION = YES;
				CLANG_WARN_DEPRECATED_OBJC_IMPLEMENTATIONS = YES;
				CLANG_WARN_DIRECT_OBJC_ISA_USAGE = YES_ERROR;
				CLANG_WARN_DOCUMENTATION_COMMENTS = YES;
				CLANG_WARN_EMPTY_BODY = YES;
				CLANG_WARN_ENUM_CONVERSION = YES;
				CLANG_WARN_INFINITE_RECURSION = YES;
				CLANG_WARN_INT_CONVERSION = YES;
				CLANG_WARN_NON_LITERAL_NULL_CONVERSION = YES;
				CLANG_WARN_OBJC_IMPLICIT_RETAIN_SELF = YES;
				CLANG_WARN_OBJC_LITERAL_CONVERSION = YES;
				CLANG_WARN_OBJC_ROOT_CLASS = YES_ERROR;
				CLANG_WARN_QUOTED_INCLUDE_IN_FRAMEWORK_HEADER = YES;
				CLANG_WARN_RANGE_LOOP_ANALYSIS = YES;
				CLANG_WARN_STRICT_PROTOTYPES = YES;
				CLANG_WARN_SUSPICIOUS_MOVE = YES;
				CLANG_WARN_UNGUARDED_AVAILABILITY = YES_AGGRESSIVE;
				CLANG_WARN_UNREACHABLE_CODE = YES;
				CLANG_WARN__DUPLICATE_METHOD_MATCH = YES;
				COPY_PHASE_STRIP = NO;
				DEBUG_INFORMATION_FORMAT = dwarf;
				ENABLE_STRICT_OBJC_MSGSEND = YES;
				ENABLE_TESTABILITY = YES;
				GCC_C_LANGUAGE_STANDARD = gnu11;
				GCC_DYNAMIC_NO_PIC = NO;
				GCC_NO_COMMON_BLOCKS = YES;
				GCC_OPTIMIZATION_LEVEL = 0;
				GCC_PREPROCESSOR_DEFINITIONS = (
					"DEBUG=1",
					"$(inherited)",
				);
				GCC_WARN_64_TO_32_BIT_CONVERSION = YES;
				GCC_WARN_ABOUT_RETURN_TYPE = YES_ERROR;
				GCC_WARN_UNDECLARED_SELECTOR = YES;
				GCC_WARN_UNINITIALIZED_AUTOS = YES_AGGRESSIVE;
				GCC_WARN_UNUSED_FUNCTION = YES;
				GCC_WARN_UNUSED_VARIABLE = YES;
				IPHONEOS_DEPLOYMENT_TARGET = 15.5;
				MTL_ENABLE_DEBUG_INFO = INCLUDE_SOURCE;
				MTL_FAST_MATH = YES;
				ONLY_ACTIVE_ARCH = YES;
				SDKROOT = iphoneos;
				SWIFT_ACTIVE_COMPILATION_CONDITIONS = DEBUG;
				SWIFT_OPTIMIZATION_LEVEL = "-Onone";
			};
			name = Debug;
		};
		246C630F28ED6E2B00343FE7 /* Release */ = {
			isa = XCBuildConfiguration;
			buildSettings = {
				ALWAYS_SEARCH_USER_PATHS = NO;
				CLANG_ANALYZER_NONNULL = YES;
				CLANG_ANALYZER_NUMBER_OBJECT_CONVERSION = YES_AGGRESSIVE;
				CLANG_CXX_LANGUAGE_STANDARD = "gnu++17";
				CLANG_ENABLE_MODULES = YES;
				CLANG_ENABLE_OBJC_ARC = YES;
				CLANG_ENABLE_OBJC_WEAK = YES;
				CLANG_WARN_BLOCK_CAPTURE_AUTORELEASING = YES;
				CLANG_WARN_BOOL_CONVERSION = YES;
				CLANG_WARN_COMMA = YES;
				CLANG_WARN_CONSTANT_CONVERSION = YES;
				CLANG_WARN_DEPRECATED_OBJC_IMPLEMENTATIONS = YES;
				CLANG_WARN_DIRECT_OBJC_ISA_USAGE = YES_ERROR;
				CLANG_WARN_DOCUMENTATION_COMMENTS = YES;
				CLANG_WARN_EMPTY_BODY = YES;
				CLANG_WARN_ENUM_CONVERSION = YES;
				CLANG_WARN_INFINITE_RECURSION = YES;
				CLANG_WARN_INT_CONVERSION = YES;
				CLANG_WARN_NON_LITERAL_NULL_CONVERSION = YES;
				CLANG_WARN_OBJC_IMPLICIT_RETAIN_SELF = YES;
				CLANG_WARN_OBJC_LITERAL_CONVERSION = YES;
				CLANG_WARN_OBJC_ROOT_CLASS = YES_ERROR;
				CLANG_WARN_QUOTED_INCLUDE_IN_FRAMEWORK_HEADER = YES;
				CLANG_WARN_RANGE_LOOP_ANALYSIS = YES;
				CLANG_WARN_STRICT_PROTOTYPES = YES;
				CLANG_WARN_SUSPICIOUS_MOVE = YES;
				CLANG_WARN_UNGUARDED_AVAILABILITY = YES_AGGRESSIVE;
				CLANG_WARN_UNREACHABLE_CODE = YES;
				CLANG_WARN__DUPLICATE_METHOD_MATCH = YES;
				COPY_PHASE_STRIP = NO;
				DEBUG_INFORMATION_FORMAT = "dwarf-with-dsym";
				ENABLE_NS_ASSERTIONS = NO;
				ENABLE_STRICT_OBJC_MSGSEND = YES;
				GCC_C_LANGUAGE_STANDARD = gnu11;
				GCC_NO_COMMON_BLOCKS = YES;
				GCC_WARN_64_TO_32_BIT_CONVERSION = YES;
				GCC_WARN_ABOUT_RETURN_TYPE = YES_ERROR;
				GCC_WARN_UNDECLARED_SELECTOR = YES;
				GCC_WARN_UNINITIALIZED_AUTOS = YES_AGGRESSIVE;
				GCC_WARN_UNUSED_FUNCTION = YES;
				GCC_WARN_UNUSED_VARIABLE = YES;
				IPHONEOS_DEPLOYMENT_TARGET = 15.5;
				MTL_ENABLE_DEBUG_INFO = NO;
				MTL_FAST_MATH = YES;
				SDKROOT = iphoneos;
				SWIFT_COMPILATION_MODE = wholemodule;
				SWIFT_OPTIMIZATION_LEVEL = "-O";
				VALIDATE_PRODUCT = YES;
			};
			name = Release;
		};
		246C631128ED6E2B00343FE7 /* Debug */ = {
			isa = XCBuildConfiguration;
			baseConfigurationReference = C6E5558687ECC6F25DDB57CA /* Pods-TestSWUI.debug.xcconfig */;
			buildSettings = {
				ASSETCATALOG_COMPILER_APPICON_NAME = AppIcon;
				ASSETCATALOG_COMPILER_GLOBAL_ACCENT_COLOR_NAME = AccentColor;
				CODE_SIGN_STYLE = Automatic;
				CURRENT_PROJECT_VERSION = 1;
				DEVELOPMENT_ASSET_PATHS = "\"TestSWUI/Preview Content\"";
				DEVELOPMENT_TEAM = JDJ9QB4MRD;
				ENABLE_PREVIEWS = YES;
				GENERATE_INFOPLIST_FILE = YES;
				INFOPLIST_KEY_UIApplicationSceneManifest_Generation = YES;
				INFOPLIST_KEY_UIApplicationSupportsIndirectInputEvents = YES;
				INFOPLIST_KEY_UILaunchScreen_Generation = YES;
				INFOPLIST_KEY_UISupportedInterfaceOrientations_iPad = "UIInterfaceOrientationPortrait UIInterfaceOrientationPortraitUpsideDown UIInterfaceOrientationLandscapeLeft UIInterfaceOrientationLandscapeRight";
				INFOPLIST_KEY_UISupportedInterfaceOrientations_iPhone = "UIInterfaceOrientationPortrait UIInterfaceOrientationLandscapeLeft UIInterfaceOrientationLandscapeRight";
				LD_RUNPATH_SEARCH_PATHS = (
					"$(inherited)",
					"@executable_path/Frameworks",
				);
				MARKETING_VERSION = 1.0;
				PRODUCT_BUNDLE_IDENTIFIER = "rikkei-test.TestSWUI";
				PRODUCT_NAME = "$(TARGET_NAME)";
				SWIFT_EMIT_LOC_STRINGS = YES;
				SWIFT_VERSION = 5.0;
				TARGETED_DEVICE_FAMILY = "1,2";
			};
			name = Debug;
		};
		246C631228ED6E2B00343FE7 /* Release */ = {
			isa = XCBuildConfiguration;
			baseConfigurationReference = 766F2F73DF0A3D457DB49EF2 /* Pods-TestSWUI.release.xcconfig */;
			buildSettings = {
				ASSETCATALOG_COMPILER_APPICON_NAME = AppIcon;
				ASSETCATALOG_COMPILER_GLOBAL_ACCENT_COLOR_NAME = AccentColor;
				CODE_SIGN_STYLE = Automatic;
				CURRENT_PROJECT_VERSION = 1;
				DEVELOPMENT_ASSET_PATHS = "\"TestSWUI/Preview Content\"";
				DEVELOPMENT_TEAM = JDJ9QB4MRD;
				ENABLE_PREVIEWS = YES;
				GENERATE_INFOPLIST_FILE = YES;
				INFOPLIST_KEY_UIApplicationSceneManifest_Generation = YES;
				INFOPLIST_KEY_UIApplicationSupportsIndirectInputEvents = YES;
				INFOPLIST_KEY_UILaunchScreen_Generation = YES;
				INFOPLIST_KEY_UISupportedInterfaceOrientations_iPad = "UIInterfaceOrientationPortrait UIInterfaceOrientationPortraitUpsideDown UIInterfaceOrientationLandscapeLeft UIInterfaceOrientationLandscapeRight";
				INFOPLIST_KEY_UISupportedInterfaceOrientations_iPhone = "UIInterfaceOrientationPortrait UIInterfaceOrientationLandscapeLeft UIInterfaceOrientationLandscapeRight";
				LD_RUNPATH_SEARCH_PATHS = (
					"$(inherited)",
					"@executable_path/Frameworks",
				);
				MARKETING_VERSION = 1.0;
				PRODUCT_BUNDLE_IDENTIFIER = "rikkei-test.TestSWUI";
				PRODUCT_NAME = "$(TARGET_NAME)";
				SWIFT_EMIT_LOC_STRINGS = YES;
				SWIFT_VERSION = 5.0;
				TARGETED_DEVICE_FAMILY = "1,2";
			};
			name = Release;
		};
		246C631428ED6E2B00343FE7 /* Debug */ = {
			isa = XCBuildConfiguration;
			baseConfigurationReference = 573B39DBB43F1B201F1D5034 /* Pods-TestSWUITests.debug.xcconfig */;
			buildSettings = {
				ALWAYS_EMBED_SWIFT_STANDARD_LIBRARIES = YES;
				BUNDLE_LOADER = "$(TEST_HOST)";
				CODE_SIGN_STYLE = Automatic;
				CURRENT_PROJECT_VERSION = 1;
				DEVELOPMENT_TEAM = JDJ9QB4MRD;
				GENERATE_INFOPLIST_FILE = YES;
				IPHONEOS_DEPLOYMENT_TARGET = 15.5;
				MARKETING_VERSION = 1.0;
				PRODUCT_BUNDLE_IDENTIFIER = "rikkei-test.TestSWUITests";
				PRODUCT_NAME = "$(TARGET_NAME)";
				SWIFT_EMIT_LOC_STRINGS = NO;
				SWIFT_VERSION = 5.0;
				TARGETED_DEVICE_FAMILY = "1,2";
				TEST_HOST = "$(BUILT_PRODUCTS_DIR)/TestSWUI.app/TestSWUI";
			};
			name = Debug;
		};
		246C631528ED6E2B00343FE7 /* Release */ = {
			isa = XCBuildConfiguration;
			baseConfigurationReference = DEA40CE8B409FBD12E7710D4 /* Pods-TestSWUITests.release.xcconfig */;
			buildSettings = {
				ALWAYS_EMBED_SWIFT_STANDARD_LIBRARIES = YES;
				BUNDLE_LOADER = "$(TEST_HOST)";
				CODE_SIGN_STYLE = Automatic;
				CURRENT_PROJECT_VERSION = 1;
				DEVELOPMENT_TEAM = JDJ9QB4MRD;
				GENERATE_INFOPLIST_FILE = YES;
				IPHONEOS_DEPLOYMENT_TARGET = 15.5;
				MARKETING_VERSION = 1.0;
				PRODUCT_BUNDLE_IDENTIFIER = "rikkei-test.TestSWUITests";
				PRODUCT_NAME = "$(TARGET_NAME)";
				SWIFT_EMIT_LOC_STRINGS = NO;
				SWIFT_VERSION = 5.0;
				TARGETED_DEVICE_FAMILY = "1,2";
				TEST_HOST = "$(BUILT_PRODUCTS_DIR)/TestSWUI.app/TestSWUI";
			};
			name = Release;
		};
		246C631728ED6E2B00343FE7 /* Debug */ = {
			isa = XCBuildConfiguration;
			baseConfigurationReference = 66E2E6E0B42E646CB23B0B57 /* Pods-TestSWUI-TestSWUIUITests.debug.xcconfig */;
			buildSettings = {
				ALWAYS_EMBED_SWIFT_STANDARD_LIBRARIES = YES;
				CODE_SIGN_STYLE = Automatic;
				CURRENT_PROJECT_VERSION = 1;
				DEVELOPMENT_TEAM = JDJ9QB4MRD;
				GENERATE_INFOPLIST_FILE = YES;
				MARKETING_VERSION = 1.0;
				PRODUCT_BUNDLE_IDENTIFIER = "rikkei-test.TestSWUIUITests";
				PRODUCT_NAME = "$(TARGET_NAME)";
				SWIFT_EMIT_LOC_STRINGS = NO;
				SWIFT_VERSION = 5.0;
				TARGETED_DEVICE_FAMILY = "1,2";
				TEST_TARGET_NAME = TestSWUI;
			};
			name = Debug;
		};
		246C631828ED6E2B00343FE7 /* Release */ = {
			isa = XCBuildConfiguration;
			baseConfigurationReference = 62525457365845AF723972FC /* Pods-TestSWUI-TestSWUIUITests.release.xcconfig */;
			buildSettings = {
				ALWAYS_EMBED_SWIFT_STANDARD_LIBRARIES = YES;
				CODE_SIGN_STYLE = Automatic;
				CURRENT_PROJECT_VERSION = 1;
				DEVELOPMENT_TEAM = JDJ9QB4MRD;
				GENERATE_INFOPLIST_FILE = YES;
				MARKETING_VERSION = 1.0;
				PRODUCT_BUNDLE_IDENTIFIER = "rikkei-test.TestSWUIUITests";
				PRODUCT_NAME = "$(TARGET_NAME)";
				SWIFT_EMIT_LOC_STRINGS = NO;
				SWIFT_VERSION = 5.0;
				TARGETED_DEVICE_FAMILY = "1,2";
				TEST_TARGET_NAME = TestSWUI;
			};
			name = Release;
		};
/* End XCBuildConfiguration section */

/* Begin XCConfigurationList section */
		246C62E728ED6E2A00343FE7 /* Build configuration list for PBXProject "TestSWUI" */ = {
			isa = XCConfigurationList;
			buildConfigurations = (
				246C630E28ED6E2B00343FE7 /* Debug */,
				246C630F28ED6E2B00343FE7 /* Release */,
			);
			defaultConfigurationIsVisible = 0;
			defaultConfigurationName = Release;
		};
		246C631028ED6E2B00343FE7 /* Build configuration list for PBXNativeTarget "TestSWUI" */ = {
			isa = XCConfigurationList;
			buildConfigurations = (
				246C631128ED6E2B00343FE7 /* Debug */,
				246C631228ED6E2B00343FE7 /* Release */,
			);
			defaultConfigurationIsVisible = 0;
			defaultConfigurationName = Release;
		};
		246C631328ED6E2B00343FE7 /* Build configuration list for PBXNativeTarget "TestSWUITests" */ = {
			isa = XCConfigurationList;
			buildConfigurations = (
				246C631428ED6E2B00343FE7 /* Debug */,
				246C631528ED6E2B00343FE7 /* Release */,
			);
			defaultConfigurationIsVisible = 0;
			defaultConfigurationName = Release;
		};
		246C631628ED6E2B00343FE7 /* Build configuration list for PBXNativeTarget "TestSWUIUITests" */ = {
			isa = XCConfigurationList;
			buildConfigurations = (
				246C631728ED6E2B00343FE7 /* Debug */,
				246C631828ED6E2B00343FE7 /* Release */,
			);
			defaultConfigurationIsVisible = 0;
			defaultConfigurationName = Release;
		};
/* End XCConfigurationList section */
	};
	rootObject = 246C62E428ED6E2A00343FE7 /* Project object */;
}
